
Microsoft Visual Studio Solution File, Format Version 12.00
# Visual Studio Version 17
VisualStudioVersion = 17.10.35004.147
MinimumVisualStudioVersion = 10.0.40219.1
Project("{9A19103F-16F7-4668-BE54-9A1E7A4F7556}") = "AuctionService", "AuctionService\AuctionService.csproj", "{A9FC7064-10C9-4650-B5B6-778ACBC9374A}"
EndProject
Project("{9A19103F-16F7-4668-BE54-9A1E7A4F7556}") = "SearchService", "SearchService\SearchService.csproj", "{3239053F-8989-43EB-BD4B-8C71127A1090}"
EndProject
Project("{9A19103F-16F7-4668-BE54-9A1E7A4F7556}") = "Contracts", "Contracts\Contracts.csproj", "{46F78AFF-4B4E-4E6F-B42C-59EDD2D47D52}"
EndProject
Project("{9A19103F-16F7-4668-BE54-9A1E7A4F7556}") = "IdentityService", "IdentityService\IdentityService.csproj", "{2A5584E0-E672-436E-877F-7FD99D0FEEF5}"
EndProject
Project("{FAE04EC0-301F-11D3-BF4B-00C04F79EFBC}") = "GatewayService", "GatewayService\GatewayService.csproj", "{E6AE9A32-0D64-4C8E-88BD-BA47C8746B5F}"
EndProject
Global
	GlobalSection(SolutionConfigurationPlatforms) = preSolution
		Debug|Any CPU = Debug|Any CPU
		Release|Any CPU = Release|Any CPU
	EndGlobalSection
	GlobalSection(ProjectConfigurationPlatforms) = postSolution
		{A9FC7064-10C9-4650-B5B6-778ACBC9374A}.Debug|Any CPU.ActiveCfg = Debug|Any CPU
		{A9FC7064-10C9-4650-B5B6-778ACBC9374A}.Debug|Any CPU.Build.0 = Debug|Any CPU
		{A9FC7064-10C9-4650-B5B6-778ACBC9374A}.Release|Any CPU.ActiveCfg = Release|Any CPU
		{A9FC7064-10C9-4650-B5B6-778ACBC9374A}.Release|Any CPU.Build.0 = Release|Any CPU
		{3239053F-8989-43EB-BD4B-8C71127A1090}.Debug|Any CPU.ActiveCfg = Debug|Any CPU
		{3239053F-8989-43EB-BD4B-8C71127A1090}.Debug|Any CPU.Build.0 = Debug|Any CPU
		{3239053F-8989-43EB-BD4B-8C71127A1090}.Release|Any CPU.ActiveCfg = Release|Any CPU
		{3239053F-8989-43EB-BD4B-8C71127A1090}.Release|Any CPU.Build.0 = Release|Any CPU
		{46F78AFF-4B4E-4E6F-B42C-59EDD2D47D52}.Debug|Any CPU.ActiveCfg = Debug|Any CPU
		{46F78AFF-4B4E-4E6F-B42C-59EDD2D47D52}.Debug|Any CPU.Build.0 = Debug|Any CPU
		{46F78AFF-4B4E-4E6F-B42C-59EDD2D47D52}.Release|Any CPU.ActiveCfg = Release|Any CPU
		{46F78AFF-4B4E-4E6F-B42C-59EDD2D47D52}.Release|Any CPU.Build.0 = Release|Any CPU
		{2A5584E0-E672-436E-877F-7FD99D0FEEF5}.Debug|Any CPU.ActiveCfg = Debug|Any CPU
		{2A5584E0-E672-436E-877F-7FD99D0FEEF5}.Debug|Any CPU.Build.0 = Debug|Any CPU
		{2A5584E0-E672-436E-877F-7FD99D0FEEF5}.Release|Any CPU.ActiveCfg = Release|Any CPU
		{2A5584E0-E672-436E-877F-7FD99D0FEEF5}.Release|Any CPU.Build.0 = Release|Any CPU
		{E6AE9A32-0D64-4C8E-88BD-BA47C8746B5F}.Debug|Any CPU.ActiveCfg = Debug|Any CPU
		{E6AE9A32-0D64-4C8E-88BD-BA47C8746B5F}.Debug|Any CPU.Build.0 = Debug|Any CPU
		{E6AE9A32-0D64-4C8E-88BD-BA47C8746B5F}.Release|Any CPU.ActiveCfg = Release|Any CPU
		{E6AE9A32-0D64-4C8E-88BD-BA47C8746B5F}.Release|Any CPU.Build.0 = Release|Any CPU
	EndGlobalSection
	GlobalSection(SolutionProperties) = preSolution
		HideSolutionNode = FALSE
	EndGlobalSection
	GlobalSection(ExtensibilityGlobals) = postSolution
		SolutionGuid = {50D26665-8404-485E-92BD-98F71787B1BD}
	EndGlobalSection
EndGlobal
